version: 5
environments:
  default:
    channels:
    - url: https://conda.anaconda.org/conda-forge/
    - url: https://repo.prefix.dev/wow/
    packages:
      linux-64:
      - conda: https://conda.anaconda.org/conda-forge/linux-64/crane-0.20.2-he303e90_0.conda
      osx-arm64:
      - conda: https://conda.anaconda.org/conda-forge/osx-arm64/crane-0.20.2-h6d458a7_0.conda
packages:
- kind: conda
  name: crane
  version: 0.20.2
  build: h6d458a7_0
  subdir: osx-arm64
  url: https://conda.anaconda.org/conda-forge/osx-arm64/crane-0.20.2-h6d458a7_0.conda
  sha256: 98b1cff935ba46b0471ad5c41077dffaf288f93bb76435d38615b2f1784efa95
  md5: 2807725002047fa058ef6f3d312da0f2
  depends:
  - __osx >=11.0
  license: Apache-2.0
  license_family: APACHE
  size: 3886497
  timestamp: 1727873453806
- kind: conda
  name: crane
  version: 0.20.2
  build: he303e90_0
  subdir: linux-64
  url: https://conda.anaconda.org/conda-forge/linux-64/crane-0.20.2-he303e90_0.conda
  sha256: 9d31ba9a25992b8ec594dcacd395332c22955665f845313d69c4a8a42a992e52
  md5: c0536816c739f6d69bdfd9803dc99ec0
  depends:
  - __glibc >=2.17,<3.0.a0
  license: Apache-2.0
  license_family: APACHE
  size: 4054903
  timestamp: 1727873430165
